// !$*UTF8*$!
{
	archiveVersion = 1;
	classes = {
	};
	objectVersion = 56;
	objects = {

/* Begin PBXBuildFile section */
		651B05352B177D1A00FA2DA2 /* StructuralProgrammingExampleApp.swift in Sources */ = {isa = PBXBuildFile; fileRef = 651B05342B177D1A00FA2DA2 /* StructuralProgrammingExampleApp.swift */; };
		651B05372B177D1A00FA2DA2 /* ContentView.swift in Sources */ = {isa = PBXBuildFile; fileRef = 651B05362B177D1A00FA2DA2 /* ContentView.swift */; };
		651B05392B177D1B00FA2DA2 /* Assets.xcassets in Resources */ = {isa = PBXBuildFile; fileRef = 651B05382B177D1B00FA2DA2 /* Assets.xcassets */; };
		651B053D2B177D1B00FA2DA2 /* Preview Assets.xcassets in Resources */ = {isa = PBXBuildFile; fileRef = 651B053C2B177D1B00FA2DA2 /* Preview Assets.xcassets */; };
		654197922B177D7700363CED /* Book.swift in Sources */ = {isa = PBXBuildFile; fileRef = 654197912B177D7700363CED /* Book.swift */; };
		654197952B177DB500363CED /* StructuralProgramming in Frameworks */ = {isa = PBXBuildFile; productRef = 654197942B177DB500363CED /* StructuralProgramming */; };
		654197972B177DCF00363CED /* StructuralProgrammingUI in Frameworks */ = {isa = PBXBuildFile; productRef = 654197962B177DCF00363CED /* StructuralProgrammingUI */; };
/* End PBXBuildFile section */

/* Begin PBXFileReference section */
		651B05312B177D1A00FA2DA2 /* StructuralProgrammingExample.app */ = {isa = PBXFileReference; explicitFileType = wrapper.application; includeInIndex = 0; path = StructuralProgrammingExample.app; sourceTree = BUILT_PRODUCTS_DIR; };
		651B05342B177D1A00FA2DA2 /* StructuralProgrammingExampleApp.swift */ = {isa = PBXFileReference; lastKnownFileType = sourcecode.swift; path = StructuralProgrammingExampleApp.swift; sourceTree = "<group>"; };
		651B05362B177D1A00FA2DA2 /* ContentView.swift */ = {isa = PBXFileReference; lastKnownFileType = sourcecode.swift; path = ContentView.swift; sourceTree = "<group>"; };
		651B05382B177D1B00FA2DA2 /* Assets.xcassets */ = {isa = PBXFileReference; lastKnownFileType = folder.assetcatalog; path = Assets.xcassets; sourceTree = "<group>"; };
		651B053A2B177D1B00FA2DA2 /* StructuralProgrammingExample.entitlements */ = {isa = PBXFileReference; lastKnownFileType = text.plist.entitlements; path = StructuralProgrammingExample.entitlements; sourceTree = "<group>"; };
		651B053C2B177D1B00FA2DA2 /* Preview Assets.xcassets */ = {isa = PBXFileReference; lastKnownFileType = folder.assetcatalog; path = "Preview Assets.xcassets"; sourceTree = "<group>"; };
		654197902B177D5C00363CED /* SwiftTalk-StructuralProgramming */ = {isa = PBXFileReference; lastKnownFileType = wrapper; name = "SwiftTalk-StructuralProgramming"; sourceTree = "<group>"; };
		654197912B177D7700363CED /* Book.swift */ = {isa = PBXFileReference; lastKnownFileType = sourcecode.swift; path = Book.swift; sourceTree = "<group>"; };
/* End PBXFileReference section */

/* Begin PBXFrameworksBuildPhase section */
		651B052E2B177D1A00FA2DA2 /* Frameworks */ = {
			isa = PBXFrameworksBuildPhase;
			buildActionMask = 2147483647;
			files = (
				654197952B177DB500363CED /* StructuralProgramming in Frameworks */,
				654197972B177DCF00363CED /* StructuralProgrammingUI in Frameworks */,
			);
			runOnlyForDeploymentPostprocessing = 0;
		};
/* End PBXFrameworksBuildPhase section */

/* Begin PBXGroup section */
		651B05282B177D1A00FA2DA2 = {
			isa = PBXGroup;
			children = (
				654197902B177D5C00363CED /* SwiftTalk-StructuralProgramming */,
				651B05332B177D1A00FA2DA2 /* StructuralProgrammingExample */,
				651B05322B177D1A00FA2DA2 /* Products */,
				654197932B177DB500363CED /* Frameworks */,
			);
			sourceTree = "<group>";
		};
		651B05322B177D1A00FA2DA2 /* Products */ = {
			isa = PBXGroup;
			children = (
				651B05312B177D1A00FA2DA2 /* StructuralProgrammingExample.app */,
			);
			name = Products;
			sourceTree = "<group>";
		};
		651B05332B177D1A00FA2DA2 /* StructuralProgrammingExample */ = {
			isa = PBXGroup;
			children = (
				654197912B177D7700363CED /* Book.swift */,
				651B05342B177D1A00FA2DA2 /* StructuralProgrammingExampleApp.swift */,
				651B05362B177D1A00FA2DA2 /* ContentView.swift */,
				651B05382B177D1B00FA2DA2 /* Assets.xcassets */,
				651B053A2B177D1B00FA2DA2 /* StructuralProgrammingExample.entitlements */,
				651B053B2B177D1B00FA2DA2 /* Preview Content */,
			);
			path = StructuralProgrammingExample;
			sourceTree = "<group>";
		};
		651B053B2B177D1B00FA2DA2 /* Preview Content */ = {
			isa = PBXGroup;
			children = (
				651B053C2B177D1B00FA2DA2 /* Preview Assets.xcassets */,
			);
			path = "Preview Content";
			sourceTree = "<group>";
		};
		654197932B177DB500363CED /* Frameworks */ = {
			isa = PBXGroup;
			children = (
			);
			name = Frameworks;
			sourceTree = "<group>";
		};
/* End PBXGroup section */

/* Begin PBXNativeTarget section */
		651B05302B177D1A00FA2DA2 /* StructuralProgrammingExample */ = {
			isa = PBXNativeTarget;
			buildConfigurationList = 651B05402B177D1B00FA2DA2 /* Build configuration list for PBXNativeTarget "StructuralProgrammingExample" */;
			buildPhases = (
				651B052D2B177D1A00FA2DA2 /* Sources */,
				651B052E2B177D1A00FA2DA2 /* Frameworks */,
				651B052F2B177D1A00FA2DA2 /* Resources */,
			);
			buildRules = (
			);
			dependencies = (
			);
			name = StructuralProgrammingExample;
			packageProductDependencies = (
				654197942B177DB500363CED /* StructuralProgramming */,
				654197962B177DCF00363CED /* StructuralProgrammingUI */,
			);
			productName = StructuralProgrammingExample;
			productReference = 651B05312B177D1A00FA2DA2 /* StructuralProgrammingExample.app */;
			productType = "com.apple.product-type.application";
		};
/* End PBXNativeTarget section */

/* Begin PBXProject section */
		651B05292B177D1A00FA2DA2 /* Project object */ = {
			isa = PBXProject;
			attributes = {
				BuildIndependentTargetsInParallel = 1;
				LastSwiftUpdateCheck = 1500;
				LastUpgradeCheck = 1500;
				TargetAttributes = {
					651B05302B177D1A00FA2DA2 = {
						CreatedOnToolsVersion = 15.0.1;
					};
				};
			};
			buildConfigurationList = 651B052C2B177D1A00FA2DA2 /* Build configuration list for PBXProject "StructuralProgrammingExample" */;
			compatibilityVersion = "Xcode 14.0";
			developmentRegion = en;
			hasScannedForEncodings = 0;
			knownRegions = (
				en,
				Base,
			);
			mainGroup = 651B05282B177D1A00FA2DA2;
			productRefGroup = 651B05322B177D1A00FA2DA2 /* Products */;
			projectDirPath = "";
			projectRoot = "";
			targets = (
				651B05302B177D1A00FA2DA2 /* StructuralProgrammingExample */,
			);
		};
/* End PBXProject section */

/* Begin PBXResourcesBuildPhase section */
		651B052F2B177D1A00FA2DA2 /* Resources */ = {
			isa = PBXResourcesBuildPhase;
			buildActionMask = 2147483647;
			files = (
				651B053D2B177D1B00FA2DA2 /* Preview Assets.xcassets in Resources */,
				651B05392B177D1B00FA2DA2 /* Assets.xcassets in Resources */,
			);
			runOnlyForDeploymentPostprocessing = 0;
		};
/* End PBXResourcesBuildPhase section */

/* Begin PBXSourcesBuildPhase section */
		651B052D2B177D1A00FA2DA2 /* Sources */ = {
			isa = PBXSourcesBuildPhase;
			buildActionMask = 2147483647;
			files = (
				651B05372B177D1A00FA2DA2 /* ContentView.swift in Sources */,
				651B05352B177D1A00FA2DA2 /* StructuralProgrammingExampleApp.swift in Sources */,
				654197922B177D7700363CED /* Book.swift in Sources */,
			);
			runOnlyForDeploymentPostprocessing = 0;
		};
/* End PBXSourcesBuildPhase section */

/* Begin XCBuildConfiguration section */
		651B053E2B177D1B00FA2DA2 /* Debug */ = {
			isa = XCBuildConfiguration;
			buildSettings = {
				ALWAYS_SEARCH_USER_PATHS = NO;
				ASSETCATALOG_COMPILER_GENERATE_SWIFT_ASSET_SYMBOL_EXTENSIONS = YES;
				CLANG_ANALYZER_NONNULL = YES;
				CLANG_ANALYZER_NUMBER_OBJECT_CONVERSION = YES_AGGRESSIVE;
				CLANG_CXX_LANGUAGE_STANDARD = "gnu++20";
				CLANG_ENABLE_MODULES = YES;
				CLANG_ENABLE_OBJC_ARC = YES;
				CLANG_ENABLE_OBJC_WEAK = YES;
				CLANG_WARN_BLOCK_CAPTURE_AUTORELEASING = YES;
				CLANG_WARN_BOOL_CONVERSION = YES;
				CLANG_WARN_COMMA = YES;
				CLANG_WARN_CONSTANT_CONVERSION = YES;
				CLANG_WARN_DEPRECATED_OBJC_IMPLEMENTATIONS = YES;
				CLANG_WARN_DIRECT_OBJC_ISA_USAGE = YES_ERROR;
				CLANG_WARN_DOCUMENTATION_COMMENTS = YES;
				CLANG_WARN_EMPTY_BODY = YES;
				CLANG_WARN_ENUM_CONVERSION = YES;
				CLANG_WARN_INFINITE_RECURSION = YES;
				CLANG_WARN_INT_CONVERSION = YES;
				CLANG_WARN_NON_LITERAL_NULL_CONVERSION = YES;
				CLANG_WARN_OBJC_IMPLICIT_RETAIN_SELF = YES;
				CLANG_WARN_OBJC_LITERAL_CONVERSION = YES;
				CLANG_WARN_OBJC_ROOT_CLASS = YES_ERROR;
				CLANG_WARN_QUOTED_INCLUDE_IN_FRAMEWORK_HEADER = YES;
				CLANG_WARN_RANGE_LOOP_ANALYSIS = YES;
				CLANG_WARN_STRICT_PROTOTYPES = YES;
				CLANG_WARN_SUSPICIOUS_MOVE = YES;
				CLANG_WARN_UNGUARDED_AVAILABILITY = YES_AGGRESSIVE;
				CLANG_WARN_UNREACHABLE_CODE = YES;
				CLANG_WARN__DUPLICATE_METHOD_MATCH = YES;
				COPY_PHASE_STRIP = NO;
				DEBUG_INFORMATION_FORMAT = dwarf;
				ENABLE_STRICT_OBJC_MSGSEND = YES;
				ENABLE_TESTABILITY = YES;
				ENABLE_USER_SCRIPT_SANDBOXING = YES;
				GCC_C_LANGUAGE_STANDARD = gnu17;
				GCC_DYNAMIC_NO_PIC = NO;
				GCC_NO_COMMON_BLOCKS = YES;
				GCC_OPTIMIZATION_LEVEL = 0;
				GCC_PREPROCESSOR_DEFINITIONS = (
					"DEBUG=1",
					"$(inherited)",
				);
				GCC_WARN_64_TO_32_BIT_CONVERSION = YES;
				GCC_WARN_ABOUT_RETURN_TYPE = YES_ERROR;
				GCC_WARN_UNDECLARED_SELECTOR = YES;
				GCC_WARN_UNINITIALIZED_AUTOS = YES_AGGRESSIVE;
				GCC_WARN_UNUSED_FUNCTION = YES;
				GCC_WARN_UNUSED_VARIABLE = YES;
				LOCALIZATION_PREFERS_STRING_CATALOGS = YES;
				MTL_ENABLE_DEBUG_INFO = INCLUDE_SOURCE;
				MTL_FAST_MATH = YES;
				ONLY_ACTIVE_ARCH = YES;
				SWIFT_ACTIVE_COMPILATION_CONDITIONS = "DEBUG $(inherited)";
				SWIFT_OPTIMIZATION_LEVEL = "-Onone";
			};
			name = Debug;
		};
		651B053F2B177D1B00FA2DA2 /* Release */ = {
			isa = XCBuildConfiguration;
			buildSettings = {
				ALWAYS_SEARCH_USER_PATHS = NO;
				ASSETCATALOG_COMPILER_GENERATE_SWIFT_ASSET_SYMBOL_EXTENSIONS = YES;
				CLANG_ANALYZER_NONNULL = YES;
				CLANG_ANALYZER_NUMBER_OBJECT_CONVERSION = YES_AGGRESSIVE;
				CLANG_CXX_LANGUAGE_STANDARD = "gnu++20";
				CLANG_ENABLE_MODULES = YES;
				CLANG_ENABLE_OBJC_ARC = YES;
				CLANG_ENABLE_OBJC_WEAK = YES;
				CLANG_WARN_BLOCK_CAPTURE_AUTORELEASING = YES;
				CLANG_WARN_BOOL_CONVERSION = YES;
				CLANG_WARN_COMMA = YES;
				CLANG_WARN_CONSTANT_CONVERSION = YES;
				CLANG_WARN_DEPRECATED_OBJC_IMPLEMENTATIONS = YES;
				CLANG_WARN_DIRECT_OBJC_ISA_USAGE = YES_ERROR;
				CLANG_WARN_DOCUMENTATION_COMMENTS = YES;
				CLANG_WARN_EMPTY_BODY = YES;
				CLANG_WARN_ENUM_CONVERSION = YES;
				CLANG_WARN_INFINITE_RECURSION = YES;
				CLANG_WARN_INT_CONVERSION = YES;
				CLANG_WARN_NON_LITERAL_NULL_CONVERSION = YES;
				CLANG_WARN_OBJC_IMPLICIT_RETAIN_SELF = YES;
				CLANG_WARN_OBJC_LITERAL_CONVERSION = YES;
				CLANG_WARN_OBJC_ROOT_CLASS = YES_ERROR;
				CLANG_WARN_QUOTED_INCLUDE_IN_FRAMEWORK_HEADER = YES;
				CLANG_WARN_RANGE_LOOP_ANALYSIS = YES;
				CLANG_WARN_STRICT_PROTOTYPES = YES;
				CLANG_WARN_SUSPICIOUS_MOVE = YES;
				CLANG_WARN_UNGUARDED_AVAILABILITY = YES_AGGRESSIVE;
				CLANG_WARN_UNREACHABLE_CODE = YES;
				CLANG_WARN__DUPLICATE_METHOD_MATCH = YES;
				COPY_PHASE_STRIP = NO;
				DEBUG_INFORMATION_FORMAT = "dwarf-with-dsym";
				ENABLE_NS_ASSERTIONS = NO;
				ENABLE_STRICT_OBJC_MSGSEND = YES;
				ENABLE_USER_SCRIPT_SANDBOXING = YES;
				GCC_C_LANGUAGE_STANDARD = gnu17;
				GCC_NO_COMMON_BLOCKS = YES;
				GCC_WARN_64_TO_32_BIT_CONVERSION = YES;
				GCC_WARN_ABOUT_RETURN_TYPE = YES_ERROR;
				GCC_WARN_UNDECLARED_SELECTOR = YES;
				GCC_WARN_UNINITIALIZED_AUTOS = YES_AGGRESSIVE;
				GCC_WARN_UNUSED_FUNCTION = YES;
				GCC_WARN_UNUSED_VARIABLE = YES;
				LOCALIZATION_PREFERS_STRING_CATALOGS = YES;
				MTL_ENABLE_DEBUG_INFO = NO;
				MTL_FAST_MATH = YES;
				SWIFT_COMPILATION_MODE = wholemodule;
			};
			name = Release;
		};
		651B05412B177D1B00FA2DA2 /* Debug */ = {
			isa = XCBuildConfiguration;
			buildSettings = {
				ASSETCATALOG_COMPILER_APPICON_NAME = AppIcon;
				ASSETCATALOG_COMPILER_GLOBAL_ACCENT_COLOR_NAME = AccentColor;
				CODE_SIGN_ENTITLEMENTS = StructuralProgrammingExample/StructuralProgrammingExample.entitlements;
				CODE_SIGN_STYLE = Automatic;
				CURRENT_PROJECT_VERSION = 1;
				DEVELOPMENT_ASSET_PATHS = "\"StructuralProgrammingExample/Preview Content\"";
				DEVELOPMENT_TEAM = B2M757K4LG;
				ENABLE_HARDENED_RUNTIME = YES;
				ENABLE_PREVIEWS = YES;
				GENERATE_INFOPLIST_FILE = YES;
				"INFOPLIST_KEY_UIApplicationSceneManifest_Generation[sdk=iphoneos*]" = YES;
				"INFOPLIST_KEY_UIApplicationSceneManifest_Generation[sdk=iphonesimulator*]" = YES;
				"INFOPLIST_KEY_UIApplicationSupportsIndirectInputEvents[sdk=iphoneos*]" = YES;
				"INFOPLIST_KEY_UIApplicationSupportsIndirectInputEvents[sdk=iphonesimulator*]" = YES;
				"INFOPLIST_KEY_UILaunchScreen_Generation[sdk=iphoneos*]" = YES;
				"INFOPLIST_KEY_UILaunchScreen_Generation[sdk=iphonesimulator*]" = YES;
				"INFOPLIST_KEY_UIStatusBarStyle[sdk=iphoneos*]" = UIStatusBarStyleDefault;
				"INFOPLIST_KEY_UIStatusBarStyle[sdk=iphonesimulator*]" = UIStatusBarStyleDefault;
				INFOPLIST_KEY_UISupportedInterfaceOrientations_iPad = "UIInterfaceOrientationPortrait UIInterfaceOrientationPortraitUpsideDown UIInterfaceOrientationLandscapeLeft UIInterfaceOrientationLandscapeRight";
				INFOPLIST_KEY_UISupportedInterfaceOrientations_iPhone = "UIInterfaceOrientationPortrait UIInterfaceOrientationLandscapeLeft UIInterfaceOrientationLandscapeRight";
				IPHONEOS_DEPLOYMENT_TARGET = 17.0;
				LD_RUNPATH_SEARCH_PATHS = "@executable_path/Frameworks";
				"LD_RUNPATH_SEARCH_PATHS[sdk=macosx*]" = "@executable_path/../Frameworks";
				MACOSX_DEPLOYMENT_TARGET = 14.0;
				MARKETING_VERSION = 1.0;
				PRODUCT_BUNDLE_IDENTIFIER = uk.co.danieltull.StructuralProgrammingExample;
				PRODUCT_NAME = "$(TARGET_NAME)";
				SDKROOT = auto;
				SUPPORTED_PLATFORMS = "iphoneos iphonesimulator macosx";
				SWIFT_EMIT_LOC_STRINGS = YES;
				SWIFT_VERSION = 5.0;
				TARGETED_DEVICE_FAMILY = "1,2";
			};
			name = Debug;
		};
		651B05422B177D1B00FA2DA2 /* Release */ = {
			isa = XCBuildConfiguration;
			buildSettings = {
				ASSETCATALOG_COMPILER_APPICON_NAME = AppIcon;
				ASSETCATALOG_COMPILER_GLOBAL_ACCENT_COLOR_NAME = AccentColor;
				CODE_SIGN_ENTITLEMENTS = StructuralProgrammingExample/StructuralProgrammingExample.entitlements;
				CODE_SIGN_STYLE = Automatic;
				CURRENT_PROJECT_VERSION = 1;
				DEVELOPMENT_ASSET_PATHS = "\"StructuralProgrammingExample/Preview Content\"";
				DEVELOPMENT_TEAM = B2M757K4LG;
				ENABLE_HARDENED_RUNTIME = YES;
				ENABLE_PREVIEWS = YES;
				GENERATE_INFOPLIST_FILE = YES;
				"INFOPLIST_KEY_UIApplicationSceneManifest_Generation[sdk=iphoneos*]" = YES;
				"INFOPLIST_KEY_UIApplicationSceneManifest_Generation[sdk=iphonesimulator*]" = YES;
				"INFOPLIST_KEY_UIApplicationSupportsIndirectInputEvents[sdk=iphoneos*]" = YES;
				"INFOPLIST_KEY_UIApplicationSupportsIndirectInputEvents[sdk=iphonesimulator*]" = YES;
				"INFOPLIST_KEY_UILaunchScreen_Generation[sdk=iphoneos*]" = YES;
				"INFOPLIST_KEY_UILaunchScreen_Generation[sdk=iphonesimulator*]" = YES;
				"INFOPLIST_KEY_UIStatusBarStyle[sdk=iphoneos*]" = UIStatusBarStyleDefault;
				"INFOPLIST_KEY_UIStatusBarStyle[sdk=iphonesimulator*]" = UIStatusBarStyleDefault;
				INFOPLIST_KEY_UISupportedInterfaceOrientations_iPad = "UIInterfaceOrientationPortrait UIInterfaceOrientationPortraitUpsideDown UIInterfaceOrientationLandscapeLeft UIInterfaceOrientationLandscapeRight";
				INFOPLIST_KEY_UISupportedInterfaceOrientations_iPhone = "UIInterfaceOrientationPortrait UIInterfaceOrientationLandscapeLeft UIInterfaceOrientationLandscapeRight";
				IPHONEOS_DEPLOYMENT_TARGET = 17.0;
				LD_RUNPATH_SEARCH_PATHS = "@executable_path/Frameworks";
				"LD_RUNPATH_SEARCH_PATHS[sdk=macosx*]" = "@executable_path/../Frameworks";
				MACOSX_DEPLOYMENT_TARGET = 14.0;
				MARKETING_VERSION = 1.0;
				PRODUCT_BUNDLE_IDENTIFIER = uk.co.danieltull.StructuralProgrammingExample;
				PRODUCT_NAME = "$(TARGET_NAME)";
				SDKROOT = auto;
				SUPPORTED_PLATFORMS = "iphoneos iphonesimulator macosx";
				SWIFT_EMIT_LOC_STRINGS = YES;
				SWIFT_VERSION = 5.0;
				TARGETED_DEVICE_FAMILY = "1,2";
			};
			name = Release;
		};
/* End XCBuildConfiguration section */

/* Begin XCConfigurationList section */
		651B052C2B177D1A00FA2DA2 /* Build configuration list for PBXProject "StructuralProgrammingExample" */ = {
			isa = XCConfigurationList;
			buildConfigurations = (
				651B053E2B177D1B00FA2DA2 /* Debug */,
				651B053F2B177D1B00FA2DA2 /* Release */,
			);
			defaultConfigurationIsVisible = 0;
			defaultConfigurationName = Release;
		};
		651B05402B177D1B00FA2DA2 /* Build configuration list for PBXNativeTarget "StructuralProgrammingExample" */ = {
			isa = XCConfigurationList;
			buildConfigurations = (
				651B05412B177D1B00FA2DA2 /* Debug */,
				651B05422B177D1B00FA2DA2 /* Release */,
			);
			defaultConfigurationIsVisible = 0;
			defaultConfigurationName = Release;
		};
/* End XCConfigurationList section */

/* Begin XCSwiftPackageProductDependency section */
		654197942B177DB500363CED /* StructuralProgramming */ = {
			isa = XCSwiftPackageProductDependency;
			productName = StructuralProgramming;
		};
		654197962B177DCF00363CED /* StructuralProgrammingUI */ = {
			isa = XCSwiftPackageProductDependency;
			productName = StructuralProgrammingUI;
		};
/* End XCSwiftPackageProductDependency section */
	};
	rootObject = 651B05292B177D1A00FA2DA2 /* Project object */;
}
